<Solution>
  <Project Path="Tilemap.csproj" />
  <Project Path="Mineur.csproj" />
  <Project Path="Assembly-CSharp-Editor.csproj" />
  <Project Path="Towns.csproj" />
  <Project Path="Assembly-CSharp.csproj" />
  <Project Path="Enemy.csproj" />
  <Project Path="Motion.csproj" />
  <Project Path="CharaMovement.csproj" />
  <Project Path="Ressources.csproj" />
  <Project Path="Managers.csproj" />
  <Project Path="Clickable.csproj" />
  <Project Path="Camera.csproj" />
</Solution>
